
Microsoft Visual Studio Solution File, Format Version 12.00
# Visual Studio 14
VisualStudioVersion = 14.0.25123.0
MinimumVisualStudioVersion = 10.0.40219.1
Project("{2150E333-8FDC-42A3-9474-1A3956D46DE8}") = "src", "src", "{AC7F6EDB-C8DC-4D6A-B9FE-429763778A2C}"
EndProject
Project("{2150E333-8FDC-42A3-9474-1A3956D46DE8}") = "Solution Items", "Solution Items", "{45ED3519-3A9C-492E-80CB-B8F503F7F63A}"
	ProjectSection(SolutionItems) = preProject
		global.json = global.json
	EndProjectSection
EndProject
Project("{8BB2217D-0F2D-49D1-97BC-3654ED321F3B}") = "SmartHomeTest", "src\SmartHomeTest\SmartHomeTest.xproj", "{5AF11A06-2CA0-4D15-9FEE-49B67DFD79D3}"
EndProject
Global
	GlobalSection(SolutionConfigurationPlatforms) = preSolution
		Debug|Any CPU = Debug|Any CPU
		Release|Any CPU = Release|Any CPU
	EndGlobalSection
	GlobalSection(ProjectConfigurationPlatforms) = postSolution
		{5AF11A06-2CA0-4D15-9FEE-49B67DFD79D3}.Debug|Any CPU.ActiveCfg = Debug|Any CPU
		{5AF11A06-2CA0-4D15-9FEE-49B67DFD79D3}.Debug|Any CPU.Build.0 = Debug|Any CPU
		{5AF11A06-2CA0-4D15-9FEE-49B67DFD79D3}.Release|Any CPU.ActiveCfg = Release|Any CPU
		{5AF11A06-2CA0-4D15-9FEE-49B67DFD79D3}.Release|Any CPU.Build.0 = Release|Any CPU
	EndGlobalSection
	GlobalSection(SolutionProperties) = preSolution
		HideSolutionNode = FALSE
	EndGlobalSection
	GlobalSection(NestedProjects) = preSolution
		{5AF11A06-2CA0-4D15-9FEE-49B67DFD79D3} = {AC7F6EDB-C8DC-4D6A-B9FE-429763778A2C}
	EndGlobalSection
EndGlobal
