
Microsoft Visual Studio Solution File, Format Version 12.00
# Visual Studio 14
VisualStudioVersion = 14.0.25123.0
MinimumVisualStudioVersion = 10.0.40219.1
Project("{FAE04EC0-301F-11D3-BF4B-00C04F79EFBC}") = "CardsMap", "CardsMap.csproj", "{2F81E4B4-F5A4-4276-8636-F0C51E07FC7D}"
EndProject
Project("{FAE04EC0-301F-11D3-BF4B-00C04F79EFBC}") = "CardsMap.UnitTests", "CardsMap.UnitTests\CardsMap.UnitTests.csproj", "{2D34CE97-F36A-44A0-A038-178E289D2541}"
EndProject
Global
	GlobalSection(SolutionConfigurationPlatforms) = preSolution
		Debug|Any CPU = Debug|Any CPU
		Release|Any CPU = Release|Any CPU
	EndGlobalSection
	GlobalSection(ProjectConfigurationPlatforms) = postSolution
		{2F81E4B4-F5A4-4276-8636-F0C51E07FC7D}.Debug|Any CPU.ActiveCfg = Debug|Any CPU
		{2F81E4B4-F5A4-4276-8636-F0C51E07FC7D}.Debug|Any CPU.Build.0 = Debug|Any CPU
		{2F81E4B4-F5A4-4276-8636-F0C51E07FC7D}.Release|Any CPU.ActiveCfg = Release|Any CPU
		{2F81E4B4-F5A4-4276-8636-F0C51E07FC7D}.Release|Any CPU.Build.0 = Release|Any CPU
		{2D34CE97-F36A-44A0-A038-178E289D2541}.Debug|Any CPU.ActiveCfg = Debug|Any CPU
		{2D34CE97-F36A-44A0-A038-178E289D2541}.Debug|Any CPU.Build.0 = Debug|Any CPU
		{2D34CE97-F36A-44A0-A038-178E289D2541}.Release|Any CPU.ActiveCfg = Release|Any CPU
		{2D34CE97-F36A-44A0-A038-178E289D2541}.Release|Any CPU.Build.0 = Release|Any CPU
	EndGlobalSection
	GlobalSection(SolutionProperties) = preSolution
		HideSolutionNode = FALSE
	EndGlobalSection
EndGlobal
